
Microsoft Visual Studio Solution File, Format Version 12.00
# Visual Studio Version 17
VisualStudioVersion = 17.6.33815.320
MinimumVisualStudioVersion = 10.0.40219.1
Project("{9A19103F-16F7-4668-BE54-9A1E7A4F7556}") = "Cinema.API", "Cinema.API\Cinema.API.csproj", "{32C6618D-E7A6-4838-A0D5-A062080E28BF}"
EndProject
Project("{9A19103F-16F7-4668-BE54-9A1E7A4F7556}") = "Cinema.Domain", "_Shared\Cinema.Domain\Cinema.Domain.csproj", "{7DF50506-305A-4115-84C0-D90F5DDD5F7A}"
EndProject
Project("{9A19103F-16F7-4668-BE54-9A1E7A4F7556}") = "Cinema.Data", "_Shared\Cinema.Data\Cinema.Data.csproj", "{D300136F-C4A0-4AF8-BD91-C775D5678DAF}"
EndProject
Project("{9A19103F-16F7-4668-BE54-9A1E7A4F7556}") = "Cinema.Identity", "Cinema.Application\Cinema.Identity.csproj", "{01DE4FDD-7C52-430A-817F-FE9D90C3CC94}"
EndProject
Project("{2150E333-8FDC-42A3-9474-1A3956D46DE8}") = "_Shared", "_Shared", "{3A2E005D-4CEF-4F06-9861-CB5068FDC7A2}"
EndProject
Project("{FAE04EC0-301F-11D3-BF4B-00C04F79EFBC}") = "Cinema.Infrastructure", "Cinema.Infrastructure\Cinema.Infrastructure.csproj", "{033B21BA-ED76-4789-B46C-F81011A65D3E}"
EndProject
Global
	GlobalSection(SolutionConfigurationPlatforms) = preSolution
		Debug|Any CPU = Debug|Any CPU
		Release|Any CPU = Release|Any CPU
	EndGlobalSection
	GlobalSection(ProjectConfigurationPlatforms) = postSolution
		{32C6618D-E7A6-4838-A0D5-A062080E28BF}.Debug|Any CPU.ActiveCfg = Debug|Any CPU
		{32C6618D-E7A6-4838-A0D5-A062080E28BF}.Debug|Any CPU.Build.0 = Debug|Any CPU
		{32C6618D-E7A6-4838-A0D5-A062080E28BF}.Release|Any CPU.ActiveCfg = Release|Any CPU
		{32C6618D-E7A6-4838-A0D5-A062080E28BF}.Release|Any CPU.Build.0 = Release|Any CPU
		{7DF50506-305A-4115-84C0-D90F5DDD5F7A}.Debug|Any CPU.ActiveCfg = Debug|Any CPU
		{7DF50506-305A-4115-84C0-D90F5DDD5F7A}.Debug|Any CPU.Build.0 = Debug|Any CPU
		{7DF50506-305A-4115-84C0-D90F5DDD5F7A}.Release|Any CPU.ActiveCfg = Release|Any CPU
		{7DF50506-305A-4115-84C0-D90F5DDD5F7A}.Release|Any CPU.Build.0 = Release|Any CPU
		{D300136F-C4A0-4AF8-BD91-C775D5678DAF}.Debug|Any CPU.ActiveCfg = Debug|Any CPU
		{D300136F-C4A0-4AF8-BD91-C775D5678DAF}.Debug|Any CPU.Build.0 = Debug|Any CPU
		{D300136F-C4A0-4AF8-BD91-C775D5678DAF}.Release|Any CPU.ActiveCfg = Release|Any CPU
		{D300136F-C4A0-4AF8-BD91-C775D5678DAF}.Release|Any CPU.Build.0 = Release|Any CPU
		{01DE4FDD-7C52-430A-817F-FE9D90C3CC94}.Debug|Any CPU.ActiveCfg = Debug|Any CPU
		{01DE4FDD-7C52-430A-817F-FE9D90C3CC94}.Debug|Any CPU.Build.0 = Debug|Any CPU
		{01DE4FDD-7C52-430A-817F-FE9D90C3CC94}.Release|Any CPU.ActiveCfg = Release|Any CPU
		{01DE4FDD-7C52-430A-817F-FE9D90C3CC94}.Release|Any CPU.Build.0 = Release|Any CPU
		{033B21BA-ED76-4789-B46C-F81011A65D3E}.Debug|Any CPU.ActiveCfg = Debug|Any CPU
		{033B21BA-ED76-4789-B46C-F81011A65D3E}.Debug|Any CPU.Build.0 = Debug|Any CPU
		{033B21BA-ED76-4789-B46C-F81011A65D3E}.Release|Any CPU.ActiveCfg = Release|Any CPU
		{033B21BA-ED76-4789-B46C-F81011A65D3E}.Release|Any CPU.Build.0 = Release|Any CPU
	EndGlobalSection
	GlobalSection(SolutionProperties) = preSolution
		HideSolutionNode = FALSE
	EndGlobalSection
	GlobalSection(NestedProjects) = preSolution
		{7DF50506-305A-4115-84C0-D90F5DDD5F7A} = {3A2E005D-4CEF-4F06-9861-CB5068FDC7A2}
		{D300136F-C4A0-4AF8-BD91-C775D5678DAF} = {3A2E005D-4CEF-4F06-9861-CB5068FDC7A2}
		{033B21BA-ED76-4789-B46C-F81011A65D3E} = {3A2E005D-4CEF-4F06-9861-CB5068FDC7A2}
	EndGlobalSection
	GlobalSection(ExtensibilityGlobals) = postSolution
		SolutionGuid = {20C480F8-3998-49BE-8C37-CE8C656448CA}
	EndGlobalSection
EndGlobal
